
Microsoft Visual Studio Solution File, Format Version 12.00
# Visual Studio Version 17
VisualStudioVersion = 17.5.33516.290
MinimumVisualStudioVersion = 10.0.40219.1
Project("{FAE04EC0-301F-11D3-BF4B-00C04F79EFBC}") = "Loopings", "Loopings\Loopings.csproj", "{6512C793-7A32-4DD7-9BDB-86ADB1A0371F}"
EndProject
Global
	GlobalSection(SolutionConfigurationPlatforms) = preSolution
		Debug|Any CPU = Debug|Any CPU
		Release|Any CPU = Release|Any CPU
	EndGlobalSection
	GlobalSection(ProjectConfigurationPlatforms) = postSolution
		{6512C793-7A32-4DD7-9BDB-86ADB1A0371F}.Debug|Any CPU.ActiveCfg = Debug|Any CPU
		{6512C793-7A32-4DD7-9BDB-86ADB1A0371F}.Debug|Any CPU.Build.0 = Debug|Any CPU
		{6512C793-7A32-4DD7-9BDB-86ADB1A0371F}.Release|Any CPU.ActiveCfg = Release|Any CPU
		{6512C793-7A32-4DD7-9BDB-86ADB1A0371F}.Release|Any CPU.Build.0 = Release|Any CPU
	EndGlobalSection
	GlobalSection(SolutionProperties) = preSolution
		HideSolutionNode = FALSE
	EndGlobalSection
	GlobalSection(ExtensibilityGlobals) = postSolution
		SolutionGuid = {70A98A85-74E6-4013-A272-FE5962BAB901}
	EndGlobalSection
EndGlobal
