
Microsoft Visual Studio Solution File, Format Version 12.00
# Visual Studio Version 17
VisualStudioVersion = 17.5.33516.290
MinimumVisualStudioVersion = 10.0.40219.1
Project("{FAE04EC0-301F-11D3-BF4B-00C04F79EFBC}") = "switchCase", "operadorTernario\switchCase.csproj", "{F9DC7E63-1670-4640-AB10-673DC33FF3BB}"
EndProject
Global
	GlobalSection(SolutionConfigurationPlatforms) = preSolution
		Debug|Any CPU = Debug|Any CPU
		Release|Any CPU = Release|Any CPU
	EndGlobalSection
	GlobalSection(ProjectConfigurationPlatforms) = postSolution
		{F9DC7E63-1670-4640-AB10-673DC33FF3BB}.Debug|Any CPU.ActiveCfg = Debug|Any CPU
		{F9DC7E63-1670-4640-AB10-673DC33FF3BB}.Debug|Any CPU.Build.0 = Debug|Any CPU
		{F9DC7E63-1670-4640-AB10-673DC33FF3BB}.Release|Any CPU.ActiveCfg = Release|Any CPU
		{F9DC7E63-1670-4640-AB10-673DC33FF3BB}.Release|Any CPU.Build.0 = Release|Any CPU
	EndGlobalSection
	GlobalSection(SolutionProperties) = preSolution
		HideSolutionNode = FALSE
	EndGlobalSection
	GlobalSection(ExtensibilityGlobals) = postSolution
		SolutionGuid = {9DAD2F05-7582-4D6F-BBB7-3BF394C6CC19}
	EndGlobalSection
EndGlobal
